
Microsoft Visual Studio Solution File, Format Version 12.00
# Visual Studio Version 17
VisualStudioVersion = 17.0.31903.59
MinimumVisualStudioVersion = 10.0.40219.1
Project("{2150E333-8FDC-42A3-9474-1A3956D46DE8}") = "src", "src", "{827E0CD3-B72D-47B6-A68D-7590B98EB39B}"
EndProject
Project("{FAE04EC0-301F-11D3-BF4B-00C04F79EFBC}") = "VideoCreator.Core", "src\VideoCreator.Core\VideoCreator.Core.csproj", "{CDBAC360-1458-46EE-B067-D184FC67066B}"
EndProject
Project("{FAE04EC0-301F-11D3-BF4B-00C04F79EFBC}") = "VideoCreator.Application", "src\VideoCreator.Application\VideoCreator.Application.csproj", "{9D189968-C1D5-4B83-9004-9AA27DC14483}"
EndProject
Project("{FAE04EC0-301F-11D3-BF4B-00C04F79EFBC}") = "VideoCreator.Media", "src\VideoCreator.Media\VideoCreator.Media.csproj", "{2FB28F09-D981-46DF-A488-9C27E13A7D9F}"
EndProject
Project("{FAE04EC0-301F-11D3-BF4B-00C04F79EFBC}") = "VideoCreator.Rendering", "src\VideoCreator.Rendering\VideoCreator.Rendering.csproj", "{BE6E21C3-E7AB-4B95-BE1B-987EBEE13EB4}"
EndProject
Project("{FAE04EC0-301F-11D3-BF4B-00C04F79EFBC}") = "VideoCreator.Infrastructure", "src\VideoCreator.Infrastructure\VideoCreator.Infrastructure.csproj", "{10B6F932-D5E1-45C8-A1D7-49BC2651455B}"
EndProject
Project("{FAE04EC0-301F-11D3-BF4B-00C04F79EFBC}") = "VideoCreator.App", "src\VideoCreator.App\VideoCreator.App.csproj", "{D8FC158F-059E-4718-B595-3C6B64F2227A}"
EndProject
Project("{FAE04EC0-301F-11D3-BF4B-00C04F79EFBC}") = "VideoCreator.Tests", "tests\VideoCreator.Tests\VideoCreator.Tests.csproj", "{50F6F7CF-767D-4D5A-B161-69E3A4498E88}"
EndProject
Global
	GlobalSection(SolutionConfigurationPlatforms) = preSolution
		Debug|Any CPU = Debug|Any CPU
		Debug|x64 = Debug|x64
		Debug|x86 = Debug|x86
		Release|Any CPU = Release|Any CPU
		Release|x64 = Release|x64
		Release|x86 = Release|x86
	EndGlobalSection
	GlobalSection(ProjectConfigurationPlatforms) = postSolution
		{CDBAC360-1458-46EE-B067-D184FC67066B}.Debug|Any CPU.ActiveCfg = Debug|Any CPU
		{CDBAC360-1458-46EE-B067-D184FC67066B}.Debug|Any CPU.Build.0 = Debug|Any CPU
		{CDBAC360-1458-46EE-B067-D184FC67066B}.Debug|x64.ActiveCfg = Debug|Any CPU
		{CDBAC360-1458-46EE-B067-D184FC67066B}.Debug|x64.Build.0 = Debug|Any CPU
		{CDBAC360-1458-46EE-B067-D184FC67066B}.Debug|x86.ActiveCfg = Debug|Any CPU
		{CDBAC360-1458-46EE-B067-D184FC67066B}.Debug|x86.Build.0 = Debug|Any CPU
		{CDBAC360-1458-46EE-B067-D184FC67066B}.Release|Any CPU.ActiveCfg = Release|Any CPU
		{CDBAC360-1458-46EE-B067-D184FC67066B}.Release|Any CPU.Build.0 = Release|Any CPU
		{CDBAC360-1458-46EE-B067-D184FC67066B}.Release|x64.ActiveCfg = Release|Any CPU
		{CDBAC360-1458-46EE-B067-D184FC67066B}.Release|x64.Build.0 = Release|Any CPU
		{CDBAC360-1458-46EE-B067-D184FC67066B}.Release|x86.ActiveCfg = Release|Any CPU
		{CDBAC360-1458-46EE-B067-D184FC67066B}.Release|x86.Build.0 = Release|Any CPU
		{9D189968-C1D5-4B83-9004-9AA27DC14483}.Debug|Any CPU.ActiveCfg = Debug|Any CPU
		{9D189968-C1D5-4B83-9004-9AA27DC14483}.Debug|Any CPU.Build.0 = Debug|Any CPU
		{9D189968-C1D5-4B83-9004-9AA27DC14483}.Debug|x64.ActiveCfg = Debug|Any CPU
		{9D189968-C1D5-4B83-9004-9AA27DC14483}.Debug|x64.Build.0 = Debug|Any CPU
		{9D189968-C1D5-4B83-9004-9AA27DC14483}.Debug|x86.ActiveCfg = Debug|Any CPU
		{9D189968-C1D5-4B83-9004-9AA27DC14483}.Debug|x86.Build.0 = Debug|Any CPU
		{9D189968-C1D5-4B83-9004-9AA27DC14483}.Release|Any CPU.ActiveCfg = Release|Any CPU
		{9D189968-C1D5-4B83-9004-9AA27DC14483}.Release|Any CPU.Build.0 = Release|Any CPU
		{9D189968-C1D5-4B83-9004-9AA27DC14483}.Release|x64.ActiveCfg = Release|Any CPU
		{9D189968-C1D5-4B83-9004-9AA27DC14483}.Release|x64.Build.0 = Release|Any CPU
		{9D189968-C1D5-4B83-9004-9AA27DC14483}.Release|x86.ActiveCfg = Release|Any CPU
		{9D189968-C1D5-4B83-9004-9AA27DC14483}.Release|x86.Build.0 = Release|Any CPU
		{2FB28F09-D981-46DF-A488-9C27E13A7D9F}.Debug|Any CPU.ActiveCfg = Debug|Any CPU
		{2FB28F09-D981-46DF-A488-9C27E13A7D9F}.Debug|Any CPU.Build.0 = Debug|Any CPU
		{2FB28F09-D981-46DF-A488-9C27E13A7D9F}.Debug|x64.ActiveCfg = Debug|Any CPU
		{2FB28F09-D981-46DF-A488-9C27E13A7D9F}.Debug|x64.Build.0 = Debug|Any CPU
		{2FB28F09-D981-46DF-A488-9C27E13A7D9F}.Debug|x86.ActiveCfg = Debug|Any CPU
		{2FB28F09-D981-46DF-A488-9C27E13A7D9F}.Debug|x86.Build.0 = Debug|Any CPU
		{2FB28F09-D981-46DF-A488-9C27E13A7D9F}.Release|Any CPU.ActiveCfg = Release|Any CPU
		{2FB28F09-D981-46DF-A488-9C27E13A7D9F}.Release|Any CPU.Build.0 = Release|Any CPU
		{2FB28F09-D981-46DF-A488-9C27E13A7D9F}.Release|x64.ActiveCfg = Release|Any CPU
		{2FB28F09-D981-46DF-A488-9C27E13A7D9F}.Release|x64.Build.0 = Release|Any CPU
		{2FB28F09-D981-46DF-A488-9C27E13A7D9F}.Release|x86.ActiveCfg = Release|Any CPU
		{2FB28F09-D981-46DF-A488-9C27E13A7D9F}.Release|x86.Build.0 = Release|Any CPU
		{BE6E21C3-E7AB-4B95-BE1B-987EBEE13EB4}.Debug|Any CPU.ActiveCfg = Debug|Any CPU
		{BE6E21C3-E7AB-4B95-BE1B-987EBEE13EB4}.Debug|Any CPU.Build.0 = Debug|Any CPU
		{BE6E21C3-E7AB-4B95-BE1B-987EBEE13EB4}.Debug|x64.ActiveCfg = Debug|Any CPU
		{BE6E21C3-E7AB-4B95-BE1B-987EBEE13EB4}.Debug|x64.Build.0 = Debug|Any CPU
		{BE6E21C3-E7AB-4B95-BE1B-987EBEE13EB4}.Debug|x86.ActiveCfg = Debug|Any CPU
		{BE6E21C3-E7AB-4B95-BE1B-987EBEE13EB4}.Debug|x86.Build.0 = Debug|Any CPU
		{BE6E21C3-E7AB-4B95-BE1B-987EBEE13EB4}.Release|Any CPU.ActiveCfg = Release|Any CPU
		{BE6E21C3-E7AB-4B95-BE1B-987EBEE13EB4}.Release|Any CPU.Build.0 = Release|Any CPU
		{BE6E21C3-E7AB-4B95-BE1B-987EBEE13EB4}.Release|x64.ActiveCfg = Release|Any CPU
		{BE6E21C3-E7AB-4B95-BE1B-987EBEE13EB4}.Release|x64.Build.0 = Release|Any CPU
		{BE6E21C3-E7AB-4B95-BE1B-987EBEE13EB4}.Release|x86.ActiveCfg = Release|Any CPU
		{BE6E21C3-E7AB-4B95-BE1B-987EBEE13EB4}.Release|x86.Build.0 = Release|Any CPU
		{10B6F932-D5E1-45C8-A1D7-49BC2651455B}.Debug|Any CPU.ActiveCfg = Debug|Any CPU
		{10B6F932-D5E1-45C8-A1D7-49BC2651455B}.Debug|Any CPU.Build.0 = Debug|Any CPU
		{10B6F932-D5E1-45C8-A1D7-49BC2651455B}.Debug|x64.ActiveCfg = Debug|Any CPU
		{10B6F932-D5E1-45C8-A1D7-49BC2651455B}.Debug|x64.Build.0 = Debug|Any CPU
		{10B6F932-D5E1-45C8-A1D7-49BC2651455B}.Debug|x86.ActiveCfg = Debug|Any CPU
		{10B6F932-D5E1-45C8-A1D7-49BC2651455B}.Debug|x86.Build.0 = Debug|Any CPU
		{10B6F932-D5E1-45C8-A1D7-49BC2651455B}.Release|Any CPU.ActiveCfg = Release|Any CPU
		{10B6F932-D5E1-45C8-A1D7-49BC2651455B}.Release|Any CPU.Build.0 = Release|Any CPU
		{10B6F932-D5E1-45C8-A1D7-49BC2651455B}.Release|x64.ActiveCfg = Release|Any CPU
		{10B6F932-D5E1-45C8-A1D7-49BC2651455B}.Release|x64.Build.0 = Release|Any CPU
		{10B6F932-D5E1-45C8-A1D7-49BC2651455B}.Release|x86.ActiveCfg = Release|Any CPU
		{10B6F932-D5E1-45C8-A1D7-49BC2651455B}.Release|x86.Build.0 = Release|Any CPU
		{D8FC158F-059E-4718-B595-3C6B64F2227A}.Debug|Any CPU.ActiveCfg = Debug|Any CPU
		{D8FC158F-059E-4718-B595-3C6B64F2227A}.Debug|Any CPU.Build.0 = Debug|Any CPU
		{D8FC158F-059E-4718-B595-3C6B64F2227A}.Debug|x64.ActiveCfg = Debug|Any CPU
		{D8FC158F-059E-4718-B595-3C6B64F2227A}.Debug|x64.Build.0 = Debug|Any CPU
		{D8FC158F-059E-4718-B595-3C6B64F2227A}.Debug|x86.ActiveCfg = Debug|Any CPU
		{D8FC158F-059E-4718-B595-3C6B64F2227A}.Debug|x86.Build.0 = Debug|Any CPU
		{D8FC158F-059E-4718-B595-3C6B64F2227A}.Release|Any CPU.ActiveCfg = Release|Any CPU
		{D8FC158F-059E-4718-B595-3C6B64F2227A}.Release|Any CPU.Build.0 = Release|Any CPU
		{D8FC158F-059E-4718-B595-3C6B64F2227A}.Release|x64.ActiveCfg = Release|Any CPU
		{D8FC158F-059E-4718-B595-3C6B64F2227A}.Release|x64.Build.0 = Release|Any CPU
		{D8FC158F-059E-4718-B595-3C6B64F2227A}.Release|x86.ActiveCfg = Release|Any CPU
		{D8FC158F-059E-4718-B595-3C6B64F2227A}.Release|x86.Build.0 = Release|Any CPU
		{50F6F7CF-767D-4D5A-B161-69E3A4498E88}.Debug|Any CPU.ActiveCfg = Debug|Any CPU
		{50F6F7CF-767D-4D5A-B161-69E3A4498E88}.Debug|Any CPU.Build.0 = Debug|Any CPU
		{50F6F7CF-767D-4D5A-B161-69E3A4498E88}.Debug|x64.ActiveCfg = Debug|Any CPU
		{50F6F7CF-767D-4D5A-B161-69E3A4498E88}.Debug|x64.Build.0 = Debug|Any CPU
		{50F6F7CF-767D-4D5A-B161-69E3A4498E88}.Debug|x86.ActiveCfg = Debug|Any CPU
		{50F6F7CF-767D-4D5A-B161-69E3A4498E88}.Debug|x86.Build.0 = Debug|Any CPU
		{50F6F7CF-767D-4D5A-B161-69E3A4498E88}.Release|Any CPU.ActiveCfg = Release|Any CPU
		{50F6F7CF-767D-4D5A-B161-69E3A4498E88}.Release|Any CPU.Build.0 = Release|Any CPU
		{50F6F7CF-767D-4D5A-B161-69E3A4498E88}.Release|x64.ActiveCfg = Release|Any CPU
		{50F6F7CF-767D-4D5A-B161-69E3A4498E88}.Release|x64.Build.0 = Release|Any CPU
		{50F6F7CF-767D-4D5A-B161-69E3A4498E88}.Release|x86.ActiveCfg = Release|Any CPU
		{50F6F7CF-767D-4D5A-B161-69E3A4498E88}.Release|x86.Build.0 = Release|Any CPU
	EndGlobalSection
	GlobalSection(SolutionProperties) = preSolution
		HideSolutionNode = FALSE
	EndGlobalSection
	GlobalSection(NestedProjects) = preSolution
		{CDBAC360-1458-46EE-B067-D184FC67066B} = {827E0CD3-B72D-47B6-A68D-7590B98EB39B}
		{9D189968-C1D5-4B83-9004-9AA27DC14483} = {827E0CD3-B72D-47B6-A68D-7590B98EB39B}
		{2FB28F09-D981-46DF-A488-9C27E13A7D9F} = {827E0CD3-B72D-47B6-A68D-7590B98EB39B}
		{BE6E21C3-E7AB-4B95-BE1B-987EBEE13EB4} = {827E0CD3-B72D-47B6-A68D-7590B98EB39B}
		{10B6F932-D5E1-45C8-A1D7-49BC2651455B} = {827E0CD3-B72D-47B6-A68D-7590B98EB39B}
		{D8FC158F-059E-4718-B595-3C6B64F2227A} = {827E0CD3-B72D-47B6-A68D-7590B98EB39B}
		{50F6F7CF-767D-4D5A-B161-69E3A4498E88} = {827E0CD3-B72D-47B6-A68D-7590B98EB39B}
	EndGlobalSection
EndGlobal
